PODS:
  - Alamofire (5.0.2)
  - AlamofireActivityLogger (2.9.0):
    - Alamofire (= 5.0.2)

DEPENDENCIES:
  - Alamofire (= 5.0.2)
  - AlamofireActivityLogger (from `.`)

SPEC REPOS:
  trunk:
    - Alamofire

EXTERNAL SOURCES:
  AlamofireActivityLogger:
    :path: "."

SPEC CHECKSUMS:
  Alamofire: 3ba7a4db18b4f62c4a1c0e1cb39d7f3d52e10ada
  AlamofireActivityLogger: 20b2570ed99c536f82b4455431b5756c98b5c3e7

PODFILE CHECKSUM: 582ea3f259a4d2ee7e1b5fbfeb8dddd01bd2d7da

COCOAPODS: 1.8.4
